// !$*UTF8*$!
{
	archiveVersion = 1;
	classes = {
	};
	objectVersion = 55;
	objects = {

/* Begin PBXBuildFile section */
		C590125D27F6E4E100D9A576 /* AfricaApp.swift in Sources */ = {isa = PBXBuildFile; fileRef = C590125C27F6E4E100D9A576 /* AfricaApp.swift */; };
		C590125F27F6E4E100D9A576 /* ContentView.swift in Sources */ = {isa = PBXBuildFile; fileRef = C590125E27F6E4E100D9A576 /* ContentView.swift */; };
		C590126127F6E4E200D9A576 /* Assets.xcassets in Resources */ = {isa = PBXBuildFile; fileRef = C590126027F6E4E200D9A576 /* Assets.xcassets */; };
		C590126427F6E4E200D9A576 /* Preview Assets.xcassets in Resources */ = {isa = PBXBuildFile; fileRef = C590126327F6E4E200D9A576 /* Preview Assets.xcassets */; };
		C590127A27F6E6CD00D9A576 /* locations.json in Resources */ = {isa = PBXBuildFile; fileRef = C590127627F6E6CC00D9A576 /* locations.json */; };
		C590127B27F6E6CD00D9A576 /* videos.json in Resources */ = {isa = PBXBuildFile; fileRef = C590127727F6E6CD00D9A576 /* videos.json */; };
		C590127C27F6E6CD00D9A576 /* animals.json in Resources */ = {isa = PBXBuildFile; fileRef = C590127827F6E6CD00D9A576 /* animals.json */; };
		C590127D27F6E6CD00D9A576 /* covers.json in Resources */ = {isa = PBXBuildFile; fileRef = C590127927F6E6CD00D9A576 /* covers.json */; };
		C590128127F6E92B00D9A576 /* VideoListView.swift in Sources */ = {isa = PBXBuildFile; fileRef = C590128027F6E92B00D9A576 /* VideoListView.swift */; };
		C590128327F6E95F00D9A576 /* MapView.swift in Sources */ = {isa = PBXBuildFile; fileRef = C590128227F6E95F00D9A576 /* MapView.swift */; };
		C590128527F6E98400D9A576 /* GalleryView.swift in Sources */ = {isa = PBXBuildFile; fileRef = C590128427F6E98400D9A576 /* GalleryView.swift */; };
		C590128727F6E9AA00D9A576 /* MainView.swift in Sources */ = {isa = PBXBuildFile; fileRef = C590128627F6E9AA00D9A576 /* MainView.swift */; };
		C590128A27F6ED3A00D9A576 /* CoverImageView.swift in Sources */ = {isa = PBXBuildFile; fileRef = C590128927F6ED3A00D9A576 /* CoverImageView.swift */; };
		C590128D27F6EFC300D9A576 /* CoverImageModel.swift in Sources */ = {isa = PBXBuildFile; fileRef = C590128C27F6EFC300D9A576 /* CoverImageModel.swift */; };
		C590129027F6F10600D9A576 /* CodableBundleExtension.swift in Sources */ = {isa = PBXBuildFile; fileRef = C590128F27F6F10600D9A576 /* CodableBundleExtension.swift */; };
		C590129227F6F7BB00D9A576 /* AnimalListItemView.swift in Sources */ = {isa = PBXBuildFile; fileRef = C590129127F6F7BB00D9A576 /* AnimalListItemView.swift */; };
		C590129427F6FBE800D9A576 /* AnimalModel.swift in Sources */ = {isa = PBXBuildFile; fileRef = C590129327F6FBE700D9A576 /* AnimalModel.swift */; };
		C590129627F6FEB600D9A576 /* AnimalDetailView.swift in Sources */ = {isa = PBXBuildFile; fileRef = C590129527F6FEB600D9A576 /* AnimalDetailView.swift */; };
		C5F74CAB27F7024D00CABBC9 /* HeadingView.swift in Sources */ = {isa = PBXBuildFile; fileRef = C5F74CAA27F7024D00CABBC9 /* HeadingView.swift */; };
		C5F74CAD27F7040E00CABBC9 /* InsetGalleryView.swift in Sources */ = {isa = PBXBuildFile; fileRef = C5F74CAC27F7040E00CABBC9 /* InsetGalleryView.swift */; };
/* End PBXBuildFile section */

/* Begin PBXFileReference section */
		C590125927F6E4E100D9A576 /* Africa.app */ = {isa = PBXFileReference; explicitFileType = wrapper.application; includeInIndex = 0; path = Africa.app; sourceTree = BUILT_PRODUCTS_DIR; };
		C590125C27F6E4E100D9A576 /* AfricaApp.swift */ = {isa = PBXFileReference; lastKnownFileType = sourcecode.swift; path = AfricaApp.swift; sourceTree = "<group>"; };
		C590125E27F6E4E100D9A576 /* ContentView.swift */ = {isa = PBXFileReference; lastKnownFileType = sourcecode.swift; path = ContentView.swift; sourceTree = "<group>"; };
		C590126027F6E4E200D9A576 /* Assets.xcassets */ = {isa = PBXFileReference; lastKnownFileType = folder.assetcatalog; path = Assets.xcassets; sourceTree = "<group>"; };
		C590126327F6E4E200D9A576 /* Preview Assets.xcassets */ = {isa = PBXFileReference; lastKnownFileType = folder.assetcatalog; path = "Preview Assets.xcassets"; sourceTree = "<group>"; };
		C590126B27F6E69700D9A576 /* gorilla.mp4 */ = {isa = PBXFileReference; lastKnownFileType = file; path = gorilla.mp4; sourceTree = "<group>"; };
		C590126C27F6E69800D9A576 /* ostrich.mp4 */ = {isa = PBXFileReference; lastKnownFileType = file; path = ostrich.mp4; sourceTree = "<group>"; };
		C590126D27F6E69800D9A576 /* lion.mp4 */ = {isa = PBXFileReference; lastKnownFileType = file; path = lion.mp4; sourceTree = "<group>"; };
		C590126E27F6E69900D9A576 /* lioness.mp4 */ = {isa = PBXFileReference; lastKnownFileType = file; path = lioness.mp4; sourceTree = "<group>"; };
		C590126F27F6E69900D9A576 /* hippo.mp4 */ = {isa = PBXFileReference; lastKnownFileType = file; path = hippo.mp4; sourceTree = "<group>"; };
		C590127027F6E69A00D9A576 /* elephant.mp4 */ = {isa = PBXFileReference; lastKnownFileType = file; path = elephant.mp4; sourceTree = "<group>"; };
		C590127127F6E69A00D9A576 /* cheetah.mp4 */ = {isa = PBXFileReference; lastKnownFileType = file; path = cheetah.mp4; sourceTree = "<group>"; };
		C590127227F6E69B00D9A576 /* giraffe.mp4 */ = {isa = PBXFileReference; lastKnownFileType = file; path = giraffe.mp4; sourceTree = "<group>"; };
		C590127327F6E69B00D9A576 /* rhino.mp4 */ = {isa = PBXFileReference; lastKnownFileType = file; path = rhino.mp4; sourceTree = "<group>"; };
		C590127427F6E69C00D9A576 /* zebra.mp4 */ = {isa = PBXFileReference; lastKnownFileType = file; path = zebra.mp4; sourceTree = "<group>"; };
		C590127627F6E6CC00D9A576 /* locations.json */ = {isa = PBXFileReference; fileEncoding = 4; lastKnownFileType = text.json; path = locations.json; sourceTree = "<group>"; };
		C590127727F6E6CD00D9A576 /* videos.json */ = {isa = PBXFileReference; fileEncoding = 4; lastKnownFileType = text.json; path = videos.json; sourceTree = "<group>"; };
		C590127827F6E6CD00D9A576 /* animals.json */ = {isa = PBXFileReference; fileEncoding = 4; lastKnownFileType = text.json; path = animals.json; sourceTree = "<group>"; };
		C590127927F6E6CD00D9A576 /* covers.json */ = {isa = PBXFileReference; fileEncoding = 4; lastKnownFileType = text.json; path = covers.json; sourceTree = "<group>"; };
		C590127E27F6E80A00D9A576 /* Info.plist */ = {isa = PBXFileReference; lastKnownFileType = text.plist; path = Info.plist; sourceTree = "<group>"; };
		C590128027F6E92B00D9A576 /* VideoListView.swift */ = {isa = PBXFileReference; lastKnownFileType = sourcecode.swift; path = VideoListView.swift; sourceTree = "<group>"; };
		C590128227F6E95F00D9A576 /* MapView.swift */ = {isa = PBXFileReference; lastKnownFileType = sourcecode.swift; path = MapView.swift; sourceTree = "<group>"; };
		C590128427F6E98400D9A576 /* GalleryView.swift */ = {isa = PBXFileReference; lastKnownFileType = sourcecode.swift; path = GalleryView.swift; sourceTree = "<group>"; };
		C590128627F6E9AA00D9A576 /* MainView.swift */ = {isa = PBXFileReference; lastKnownFileType = sourcecode.swift; path = MainView.swift; sourceTree = "<group>"; };
		C590128927F6ED3A00D9A576 /* CoverImageView.swift */ = {isa = PBXFileReference; lastKnownFileType = sourcecode.swift; path = CoverImageView.swift; sourceTree = "<group>"; };
		C590128C27F6EFC300D9A576 /* CoverImageModel.swift */ = {isa = PBXFileReference; lastKnownFileType = sourcecode.swift; path = CoverImageModel.swift; sourceTree = "<group>"; };
		C590128F27F6F10600D9A576 /* CodableBundleExtension.swift */ = {isa = PBXFileReference; lastKnownFileType = sourcecode.swift; path = CodableBundleExtension.swift; sourceTree = "<group>"; };
		C590129127F6F7BB00D9A576 /* AnimalListItemView.swift */ = {isa = PBXFileReference; lastKnownFileType = sourcecode.swift; path = AnimalListItemView.swift; sourceTree = "<group>"; };
		C590129327F6FBE700D9A576 /* AnimalModel.swift */ = {isa = PBXFileReference; lastKnownFileType = sourcecode.swift; path = AnimalModel.swift; sourceTree = "<group>"; };
		C590129527F6FEB600D9A576 /* AnimalDetailView.swift */ = {isa = PBXFileReference; lastKnownFileType = sourcecode.swift; path = AnimalDetailView.swift; sourceTree = "<group>"; };
		C5F74CAA27F7024D00CABBC9 /* HeadingView.swift */ = {isa = PBXFileReference; lastKnownFileType = sourcecode.swift; path = HeadingView.swift; sourceTree = "<group>"; };
		C5F74CAC27F7040E00CABBC9 /* InsetGalleryView.swift */ = {isa = PBXFileReference; lastKnownFileType = sourcecode.swift; path = InsetGalleryView.swift; sourceTree = "<group>"; };
/* End PBXFileReference section */

/* Begin PBXFrameworksBuildPhase section */
		C590125627F6E4E100D9A576 /* Frameworks */ = {
			isa = PBXFrameworksBuildPhase;
			buildActionMask = 2147483647;
			files = (
			);
			runOnlyForDeploymentPostprocessing = 0;
		};
/* End PBXFrameworksBuildPhase section */

/* Begin PBXGroup section */
		C590125027F6E4E100D9A576 = {
			isa = PBXGroup;
			children = (
				C590125B27F6E4E100D9A576 /* Africa */,
				C590125A27F6E4E100D9A576 /* Products */,
			);
			sourceTree = "<group>";
		};
		C590125A27F6E4E100D9A576 /* Products */ = {
			isa = PBXGroup;
			children = (
				C590125927F6E4E100D9A576 /* Africa.app */,
			);
			name = Products;
			sourceTree = "<group>";
		};
		C590125B27F6E4E100D9A576 /* Africa */ = {
			isa = PBXGroup;
			children = (
				C590128E27F6F0E600D9A576 /* Extension */,
				C590128B27F6EFB200D9A576 /* Model */,
				C590128827F6ED2400D9A576 /* View */,
				C590127E27F6E80A00D9A576 /* Info.plist */,
				C590127527F6E6BE00D9A576 /* Data */,
				C590126A27F6E68800D9A576 /* Video */,
				C590127F27F6E8E400D9A576 /* App */,
				C590126027F6E4E200D9A576 /* Assets.xcassets */,
				C590126227F6E4E200D9A576 /* Preview Content */,
			);
			path = Africa;
			sourceTree = "<group>";
		};
		C590126227F6E4E200D9A576 /* Preview Content */ = {
			isa = PBXGroup;
			children = (
				C590126327F6E4E200D9A576 /* Preview Assets.xcassets */,
			);
			path = "Preview Content";
			sourceTree = "<group>";
		};
		C590126A27F6E68800D9A576 /* Video */ = {
			isa = PBXGroup;
			children = (
				C590127127F6E69A00D9A576 /* cheetah.mp4 */,
				C590127027F6E69A00D9A576 /* elephant.mp4 */,
				C590127227F6E69B00D9A576 /* giraffe.mp4 */,
				C590126B27F6E69700D9A576 /* gorilla.mp4 */,
				C590126F27F6E69900D9A576 /* hippo.mp4 */,
				C590126D27F6E69800D9A576 /* lion.mp4 */,
				C590126E27F6E69900D9A576 /* lioness.mp4 */,
				C590126C27F6E69800D9A576 /* ostrich.mp4 */,
				C590127327F6E69B00D9A576 /* rhino.mp4 */,
				C590127427F6E69C00D9A576 /* zebra.mp4 */,
			);
			path = Video;
			sourceTree = "<group>";
		};
		C590127527F6E6BE00D9A576 /* Data */ = {
			isa = PBXGroup;
			children = (
				C590127827F6E6CD00D9A576 /* animals.json */,
				C590127927F6E6CD00D9A576 /* covers.json */,
				C590127627F6E6CC00D9A576 /* locations.json */,
				C590127727F6E6CD00D9A576 /* videos.json */,
			);
			path = Data;
			sourceTree = "<group>";
		};
		C590127F27F6E8E400D9A576 /* App */ = {
			isa = PBXGroup;
			children = (
				C590125C27F6E4E100D9A576 /* AfricaApp.swift */,
				C590125E27F6E4E100D9A576 /* ContentView.swift */,
				C590128027F6E92B00D9A576 /* VideoListView.swift */,
				C590128227F6E95F00D9A576 /* MapView.swift */,
				C590128427F6E98400D9A576 /* GalleryView.swift */,
				C590128627F6E9AA00D9A576 /* MainView.swift */,
			);
			path = App;
			sourceTree = "<group>";
		};
		C590128827F6ED2400D9A576 /* View */ = {
			isa = PBXGroup;
			children = (
				C590128927F6ED3A00D9A576 /* CoverImageView.swift */,
				C590129127F6F7BB00D9A576 /* AnimalListItemView.swift */,
				C590129527F6FEB600D9A576 /* AnimalDetailView.swift */,
				C5F74CAA27F7024D00CABBC9 /* HeadingView.swift */,
				C5F74CAC27F7040E00CABBC9 /* InsetGalleryView.swift */,
			);
			path = View;
			sourceTree = "<group>";
		};
		C590128B27F6EFB200D9A576 /* Model */ = {
			isa = PBXGroup;
			children = (
				C590128C27F6EFC300D9A576 /* CoverImageModel.swift */,
				C590129327F6FBE700D9A576 /* AnimalModel.swift */,
			);
			path = Model;
			sourceTree = "<group>";
		};
		C590128E27F6F0E600D9A576 /* Extension */ = {
			isa = PBXGroup;
			children = (
				C590128F27F6F10600D9A576 /* CodableBundleExtension.swift */,
			);
			path = Extension;
			sourceTree = "<group>";
		};
/* End PBXGroup section */

/* Begin PBXNativeTarget section */
		C590125827F6E4E100D9A576 /* Africa */ = {
			isa = PBXNativeTarget;
			buildConfigurationList = C590126727F6E4E200D9A576 /* Build configuration list for PBXNativeTarget "Africa" */;
			buildPhases = (
				C590125527F6E4E100D9A576 /* Sources */,
				C590125627F6E4E100D9A576 /* Frameworks */,
				C590125727F6E4E100D9A576 /* Resources */,
			);
			buildRules = (
			);
			dependencies = (
			);
			name = Africa;
			productName = Africa;
			productReference = C590125927F6E4E100D9A576 /* Africa.app */;
			productType = "com.apple.product-type.application";
		};
/* End PBXNativeTarget section */

/* Begin PBXProject section */
		C590125127F6E4E100D9A576 /* Project object */ = {
			isa = PBXProject;
			attributes = {
				BuildIndependentTargetsInParallel = 1;
				LastSwiftUpdateCheck = 1320;
				LastUpgradeCheck = 1320;
				TargetAttributes = {
					C590125827F6E4E100D9A576 = {
						CreatedOnToolsVersion = 13.2.1;
					};
				};
			};
			buildConfigurationList = C590125427F6E4E100D9A576 /* Build configuration list for PBXProject "Africa" */;
			compatibilityVersion = "Xcode 13.0";
			developmentRegion = en;
			hasScannedForEncodings = 0;
			knownRegions = (
				en,
				Base,
			);
			mainGroup = C590125027F6E4E100D9A576;
			productRefGroup = C590125A27F6E4E100D9A576 /* Products */;
			projectDirPath = "";
			projectRoot = "";
			targets = (
				C590125827F6E4E100D9A576 /* Africa */,
			);
		};
/* End PBXProject section */

/* Begin PBXResourcesBuildPhase section */
		C590125727F6E4E100D9A576 /* Resources */ = {
			isa = PBXResourcesBuildPhase;
			buildActionMask = 2147483647;
			files = (
				C590127C27F6E6CD00D9A576 /* animals.json in Resources */,
				C590127D27F6E6CD00D9A576 /* covers.json in Resources */,
				C590126427F6E4E200D9A576 /* Preview Assets.xcassets in Resources */,
				C590127B27F6E6CD00D9A576 /* videos.json in Resources */,
				C590127A27F6E6CD00D9A576 /* locations.json in Resources */,
				C590126127F6E4E200D9A576 /* Assets.xcassets in Resources */,
			);
			runOnlyForDeploymentPostprocessing = 0;
		};
/* End PBXResourcesBuildPhase section */

/* Begin PBXSourcesBuildPhase section */
		C590125527F6E4E100D9A576 /* Sources */ = {
			isa = PBXSourcesBuildPhase;
			buildActionMask = 2147483647;
			files = (
				C590125F27F6E4E100D9A576 /* ContentView.swift in Sources */,
				C590129227F6F7BB00D9A576 /* AnimalListItemView.swift in Sources */,
				C590128727F6E9AA00D9A576 /* MainView.swift in Sources */,
				C590128A27F6ED3A00D9A576 /* CoverImageView.swift in Sources */,
				C590128D27F6EFC300D9A576 /* CoverImageModel.swift in Sources */,
				C590129627F6FEB600D9A576 /* AnimalDetailView.swift in Sources */,
				C590129427F6FBE800D9A576 /* AnimalModel.swift in Sources */,
				C590128327F6E95F00D9A576 /* MapView.swift in Sources */,
				C590125D27F6E4E100D9A576 /* AfricaApp.swift in Sources */,
				C590128127F6E92B00D9A576 /* VideoListView.swift in Sources */,
				C590128527F6E98400D9A576 /* GalleryView.swift in Sources */,
				C5F74CAD27F7040E00CABBC9 /* InsetGalleryView.swift in Sources */,
				C590129027F6F10600D9A576 /* CodableBundleExtension.swift in Sources */,
				C5F74CAB27F7024D00CABBC9 /* HeadingView.swift in Sources */,
			);
			runOnlyForDeploymentPostprocessing = 0;
		};
/* End PBXSourcesBuildPhase section */

/* Begin XCBuildConfiguration section */
		C590126527F6E4E200D9A576 /* Debug */ = {
			isa = XCBuildConfiguration;
			buildSettings = {
				ALWAYS_SEARCH_USER_PATHS = NO;
				CLANG_ANALYZER_NONNULL = YES;
				CLANG_ANALYZER_NUMBER_OBJECT_CONVERSION = YES_AGGRESSIVE;
				CLANG_CXX_LANGUAGE_STANDARD = "gnu++17";
				CLANG_CXX_LIBRARY = "libc++";
				CLANG_ENABLE_MODULES = YES;
				CLANG_ENABLE_OBJC_ARC = YES;
				CLANG_ENABLE_OBJC_WEAK = YES;
				CLANG_WARN_BLOCK_CAPTURE_AUTORELEASING = YES;
				CLANG_WARN_BOOL_CONVERSION = YES;
				CLANG_WARN_COMMA = YES;
				CLANG_WARN_CONSTANT_CONVERSION = YES;
				CLANG_WARN_DEPRECATED_OBJC_IMPLEMENTATIONS = YES;
				CLANG_WARN_DIRECT_OBJC_ISA_USAGE = YES_ERROR;
				CLANG_WARN_DOCUMENTATION_COMMENTS = YES;
				CLANG_WARN_EMPTY_BODY = YES;
				CLANG_WARN_ENUM_CONVERSION = YES;
				CLANG_WARN_INFINITE_RECURSION = YES;
				CLANG_WARN_INT_CONVERSION = YES;
				CLANG_WARN_NON_LITERAL_NULL_CONVERSION = YES;
				CLANG_WARN_OBJC_IMPLICIT_RETAIN_SELF = YES;
				CLANG_WARN_OBJC_LITERAL_CONVERSION = YES;
				CLANG_WARN_OBJC_ROOT_CLASS = YES_ERROR;
				CLANG_WARN_QUOTED_INCLUDE_IN_FRAMEWORK_HEADER = YES;
				CLANG_WARN_RANGE_LOOP_ANALYSIS = YES;
				CLANG_WARN_STRICT_PROTOTYPES = YES;
				CLANG_WARN_SUSPICIOUS_MOVE = YES;
				CLANG_WARN_UNGUARDED_AVAILABILITY = YES_AGGRESSIVE;
				CLANG_WARN_UNREACHABLE_CODE = YES;
				CLANG_WARN__DUPLICATE_METHOD_MATCH = YES;
				COPY_PHASE_STRIP = NO;
				DEBUG_INFORMATION_FORMAT = dwarf;
				ENABLE_STRICT_OBJC_MSGSEND = YES;
				ENABLE_TESTABILITY = YES;
				GCC_C_LANGUAGE_STANDARD = gnu11;
				GCC_DYNAMIC_NO_PIC = NO;
				GCC_NO_COMMON_BLOCKS = YES;
				GCC_OPTIMIZATION_LEVEL = 0;
				GCC_PREPROCESSOR_DEFINITIONS = (
					"DEBUG=1",
					"$(inherited)",
				);
				GCC_WARN_64_TO_32_BIT_CONVERSION = YES;
				GCC_WARN_ABOUT_RETURN_TYPE = YES_ERROR;
				GCC_WARN_UNDECLARED_SELECTOR = YES;
				GCC_WARN_UNINITIALIZED_AUTOS = YES_AGGRESSIVE;
				GCC_WARN_UNUSED_FUNCTION = YES;
				GCC_WARN_UNUSED_VARIABLE = YES;
				IPHONEOS_DEPLOYMENT_TARGET = 15.2;
				MTL_ENABLE_DEBUG_INFO = INCLUDE_SOURCE;
				MTL_FAST_MATH = YES;
				ONLY_ACTIVE_ARCH = YES;
				SDKROOT = iphoneos;
				SWIFT_ACTIVE_COMPILATION_CONDITIONS = DEBUG;
				SWIFT_OPTIMIZATION_LEVEL = "-Onone";
			};
			name = Debug;
		};
		C590126627F6E4E200D9A576 /* Release */ = {
			isa = XCBuildConfiguration;
			buildSettings = {
				ALWAYS_SEARCH_USER_PATHS = NO;
				CLANG_ANALYZER_NONNULL = YES;
				CLANG_ANALYZER_NUMBER_OBJECT_CONVERSION = YES_AGGRESSIVE;
				CLANG_CXX_LANGUAGE_STANDARD = "gnu++17";
				CLANG_CXX_LIBRARY = "libc++";
				CLANG_ENABLE_MODULES = YES;
				CLANG_ENABLE_OBJC_ARC = YES;
				CLANG_ENABLE_OBJC_WEAK = YES;
				CLANG_WARN_BLOCK_CAPTURE_AUTORELEASING = YES;
				CLANG_WARN_BOOL_CONVERSION = YES;
				CLANG_WARN_COMMA = YES;
				CLANG_WARN_CONSTANT_CONVERSION = YES;
				CLANG_WARN_DEPRECATED_OBJC_IMPLEMENTATIONS = YES;
				CLANG_WARN_DIRECT_OBJC_ISA_USAGE = YES_ERROR;
				CLANG_WARN_DOCUMENTATION_COMMENTS = YES;
				CLANG_WARN_EMPTY_BODY = YES;
				CLANG_WARN_ENUM_CONVERSION = YES;
				CLANG_WARN_INFINITE_RECURSION = YES;
				CLANG_WARN_INT_CONVERSION = YES;
				CLANG_WARN_NON_LITERAL_NULL_CONVERSION = YES;
				CLANG_WARN_OBJC_IMPLICIT_RETAIN_SELF = YES;
				CLANG_WARN_OBJC_LITERAL_CONVERSION = YES;
				CLANG_WARN_OBJC_ROOT_CLASS = YES_ERROR;
				CLANG_WARN_QUOTED_INCLUDE_IN_FRAMEWORK_HEADER = YES;
				CLANG_WARN_RANGE_LOOP_ANALYSIS = YES;
				CLANG_WARN_STRICT_PROTOTYPES = YES;
				CLANG_WARN_SUSPICIOUS_MOVE = YES;
				CLANG_WARN_UNGUARDED_AVAILABILITY = YES_AGGRESSIVE;
				CLANG_WARN_UNREACHABLE_CODE = YES;
				CLANG_WARN__DUPLICATE_METHOD_MATCH = YES;
				COPY_PHASE_STRIP = NO;
				DEBUG_INFORMATION_FORMAT = "dwarf-with-dsym";
				ENABLE_NS_ASSERTIONS = NO;
				ENABLE_STRICT_OBJC_MSGSEND = YES;
				GCC_C_LANGUAGE_STANDARD = gnu11;
				GCC_NO_COMMON_BLOCKS = YES;
				GCC_WARN_64_TO_32_BIT_CONVERSION = YES;
				GCC_WARN_ABOUT_RETURN_TYPE = YES_ERROR;
				GCC_WARN_UNDECLARED_SELECTOR = YES;
				GCC_WARN_UNINITIALIZED_AUTOS = YES_AGGRESSIVE;
				GCC_WARN_UNUSED_FUNCTION = YES;
				GCC_WARN_UNUSED_VARIABLE = YES;
				IPHONEOS_DEPLOYMENT_TARGET = 15.2;
				MTL_ENABLE_DEBUG_INFO = NO;
				MTL_FAST_MATH = YES;
				SDKROOT = iphoneos;
				SWIFT_COMPILATION_MODE = wholemodule;
				SWIFT_OPTIMIZATION_LEVEL = "-O";
				VALIDATE_PRODUCT = YES;
			};
			name = Release;
		};
		C590126827F6E4E200D9A576 /* Debug */ = {
			isa = XCBuildConfiguration;
			buildSettings = {
				ASSETCATALOG_COMPILER_APPICON_NAME = AppIcon;
				ASSETCATALOG_COMPILER_GLOBAL_ACCENT_COLOR_NAME = AccentColor;
				CODE_SIGN_STYLE = Automatic;
				CURRENT_PROJECT_VERSION = 1;
				DEVELOPMENT_ASSET_PATHS = "\"Africa/Preview Content\"";
				ENABLE_PREVIEWS = YES;
				GENERATE_INFOPLIST_FILE = YES;
				INFOPLIST_FILE = Africa/Info.plist;
				INFOPLIST_KEY_UIApplicationSceneManifest_Generation = YES;
				INFOPLIST_KEY_UIApplicationSupportsIndirectInputEvents = YES;
				INFOPLIST_KEY_UISupportedInterfaceOrientations_iPad = "UIInterfaceOrientationPortrait UIInterfaceOrientationPortraitUpsideDown UIInterfaceOrientationLandscapeLeft UIInterfaceOrientationLandscapeRight";
				INFOPLIST_KEY_UISupportedInterfaceOrientations_iPhone = "UIInterfaceOrientationPortrait UIInterfaceOrientationLandscapeLeft UIInterfaceOrientationLandscapeRight";
				INFOPLIST_KEY_UIUserInterfaceStyle = Dark;
				LD_RUNPATH_SEARCH_PATHS = (
					"$(inherited)",
					"@executable_path/Frameworks",
				);
				MARKETING_VERSION = 1.0;
				PRODUCT_BUNDLE_IDENTIFIER = com.liemnh.Africa;
				PRODUCT_NAME = "$(TARGET_NAME)";
				SWIFT_EMIT_LOC_STRINGS = YES;
				SWIFT_VERSION = 5.0;
				TARGETED_DEVICE_FAMILY = "1,2";
			};
			name = Debug;
		};
		C590126927F6E4E200D9A576 /* Release */ = {
			isa = XCBuildConfiguration;
			buildSettings = {
				ASSETCATALOG_COMPILER_APPICON_NAME = AppIcon;
				ASSETCATALOG_COMPILER_GLOBAL_ACCENT_COLOR_NAME = AccentColor;
				CODE_SIGN_STYLE = Automatic;
				CURRENT_PROJECT_VERSION = 1;
				DEVELOPMENT_ASSET_PATHS = "\"Africa/Preview Content\"";
				ENABLE_PREVIEWS = YES;
				GENERATE_INFOPLIST_FILE = YES;
				INFOPLIST_FILE = Africa/Info.plist;
				INFOPLIST_KEY_UIApplicationSceneManifest_Generation = YES;
				INFOPLIST_KEY_UIApplicationSupportsIndirectInputEvents = YES;
				INFOPLIST_KEY_UISupportedInterfaceOrientations_iPad = "UIInterfaceOrientationPortrait UIInterfaceOrientationPortraitUpsideDown UIInterfaceOrientationLandscapeLeft UIInterfaceOrientationLandscapeRight";
				INFOPLIST_KEY_UISupportedInterfaceOrientations_iPhone = "UIInterfaceOrientationPortrait UIInterfaceOrientationLandscapeLeft UIInterfaceOrientationLandscapeRight";
				INFOPLIST_KEY_UIUserInterfaceStyle = Dark;
				LD_RUNPATH_SEARCH_PATHS = (
					"$(inherited)",
					"@executable_path/Frameworks",
				);
				MARKETING_VERSION = 1.0;
				PRODUCT_BUNDLE_IDENTIFIER = com.liemnh.Africa;
				PRODUCT_NAME = "$(TARGET_NAME)";
				SWIFT_EMIT_LOC_STRINGS = YES;
				SWIFT_VERSION = 5.0;
				TARGETED_DEVICE_FAMILY = "1,2";
			};
			name = Release;
		};
/* End XCBuildConfiguration section */

/* Begin XCConfigurationList section */
		C590125427F6E4E100D9A576 /* Build configuration list for PBXProject "Africa" */ = {
			isa = XCConfigurationList;
			buildConfigurations = (
				C590126527F6E4E200D9A576 /* Debug */,
				C590126627F6E4E200D9A576 /* Release */,
			);
			defaultConfigurationIsVisible = 0;
			defaultConfigurationName = Release;
		};
		C590126727F6E4E200D9A576 /* Build configuration list for PBXNativeTarget "Africa" */ = {
			isa = XCConfigurationList;
			buildConfigurations = (
				C590126827F6E4E200D9A576 /* Debug */,
				C590126927F6E4E200D9A576 /* Release */,
			);
			defaultConfigurationIsVisible = 0;
			defaultConfigurationName = Release;
		};
/* End XCConfigurationList section */
	};
	rootObject = C590125127F6E4E100D9A576 /* Project object */;
}
